
Microsoft Visual Studio Solution File, Format Version 12.00
# Visual Studio Version 16
VisualStudioVersion = 16.0.810.25
MinimumVisualStudioVersion = 10.0.40219.1
Project("{FAE04EC0-301F-11D3-BF4B-00C04F79EFBC}") = "RazorMvcMultiUpload", "RazorMvcMultiUpload\RazorMvcMultiUpload.csproj", "{2C0FDD41-064A-40D1-830B-8F9D6F83DE32}"
EndProject
Global
	GlobalSection(SolutionConfigurationPlatforms) = preSolution
		Debug|Any CPU = Debug|Any CPU
		Release|Any CPU = Release|Any CPU
	EndGlobalSection
	GlobalSection(ProjectConfigurationPlatforms) = postSolution
		{2C0FDD41-064A-40D1-830B-8F9D6F83DE32}.Debug|Any CPU.ActiveCfg = Debug|Any CPU
		{2C0FDD41-064A-40D1-830B-8F9D6F83DE32}.Debug|Any CPU.Build.0 = Debug|Any CPU
		{2C0FDD41-064A-40D1-830B-8F9D6F83DE32}.Release|Any CPU.ActiveCfg = Release|Any CPU
		{2C0FDD41-064A-40D1-830B-8F9D6F83DE32}.Release|Any CPU.Build.0 = Release|Any CPU
	EndGlobalSection
	GlobalSection(SolutionProperties) = preSolution
		HideSolutionNode = FALSE
	EndGlobalSection
	GlobalSection(ExtensibilityGlobals) = postSolution
		SolutionGuid = {4D1DC044-FF96-4604-ACB4-B2BE4263200A}
	EndGlobalSection
EndGlobal
